{
  "version": 1,
  "dependencies": {
    "net9.0-windows10.0.26100": {
      "Microsoft.TestPlatform.TestHost": {
        "type": "Direct",
        "requested": "[17.14.1, )",
        "resolved": "17.14.1",
        "contentHash": "d78LPzGKkJwsJXAQwsbJJ7LE7D1wB+rAyhHHAaODF+RDSQ0NgMjDFkSA1Djw18VrxO76GlKAjRUhl+H8NL8Z+Q==",
        "dependencies": {
          "Microsoft.TestPlatform.ObjectModel": "17.14.1",
          "Newtonsoft.Json": "13.0.3"
        }
      },
      "Microsoft.Windows.SDK.BuildTools": {
        "type": "Direct",
        "requested": "[10.0.26100.4188, )",
        "resolved": "10.0.26100.4188",
        "contentHash": "sjksqXKnxleoY9qvKPS/fsiGKZ8ZYjwDTfSQvfv6gETTtQQIqZRIhCZCZ+rgjFjS6ZVjjn7iRjT/X64v25IEyA=="
      },
      "MSTest.TestAdapter": {
        "type": "Direct",
        "requested": "[3.9.3, )",
        "resolved": "3.9.3",
        "contentHash": "smeoTZladaMNSB+q8TeTcFdk2hA5hxdqbSnvEiuTo96v/pJlllPc9PviggjXAY6n3aO+7wKC8GXH66c5QPPptg==",
        "dependencies": {
          "Microsoft.Testing.Extensions.VSTestBridge": "1.7.3",
          "Microsoft.Testing.Platform.MSBuild": "1.7.3"
        }
      },
      "MSTest.TestFramework": {
        "type": "Direct",
        "requested": "[3.9.3, )",
        "resolved": "3.9.3",
        "contentHash": "GkswaCXXGhSx6bHkl01ybBffVtRR/IPgyzIHDWywd6/yVNH96MaGuUeEtpuGaJXHe2sdMBgB2etp6panY4w6pQ==",
        "dependencies": {
          "MSTest.Analyzers": "3.9.3"
        }
      },
      "CommunityToolkit.Common": {
        "type": "Transitive",
        "resolved": "8.2.1",
        "contentHash": "LWuhy8cQKJ/MYcy3XafJ916U3gPH/YDvYoNGWyQWN11aiEKCZszzPOTJAOvBjP9yG8vHmIcCyPUt4L82OK47Iw=="
      },
      "CommunityToolkit.Mvvm": {
        "type": "Transitive",
        "resolved": "8.4.0",
        "contentHash": "tqVU8yc/ADO9oiTRyTnwhFN68hCwvkliMierptWOudIAvWY1mWCh5VFh+guwHJmpMwfg0J0rY+yyd5Oy7ty9Uw=="
      },
      "CommunityToolkit.WinUI.Controls.Segmented": {
        "type": "Transitive",
        "resolved": "8.2.250402",
        "contentHash": "IJOToWQN+BxahawZToPQ0cxs6rQ792UZIJt+W+Z9qy9g7OzMQUrCYzJdgUtR4ubW7m8Rp/Ky6oOTlT71dfqprg==",
        "dependencies": {
          "CommunityToolkit.WinUI.Extensions": "8.2.250402",
          "Microsoft.WindowsAppSDK": "1.6.250108002"
        }
      },
      "CommunityToolkit.WinUI.Controls.SettingsControls": {
        "type": "Transitive",
        "resolved": "8.2.250402",
        "contentHash": "whJNIyxVwwLmmCS63m91r0aL13EYgdKDE0ERh2e0G2U5TUeYQQe2XRODGGr/ceBRvqu6SIvq1sXxVwglSMiJMg==",
        "dependencies": {
          "CommunityToolkit.WinUI.Triggers": "8.2.250402",
          "Microsoft.WindowsAppSDK": "1.6.250108002"
        }
      },
      "CommunityToolkit.WinUI.Converters": {
        "type": "Transitive",
        "resolved": "8.2.250402",
        "contentHash": "fLWJmy2jBO0ECYmu4eWJzjPp1Drww3XcARdig8HQXSMZkg9k857g1lQQzJr3MVPaLeMPDqeKONtsc0kxBLLMCw==",
        "dependencies": {
          "CommunityToolkit.Common": "8.2.1",
          "Microsoft.WindowsAppSDK": "1.6.250108002"
        }
      },
      "CommunityToolkit.WinUI.Extensions": {
        "type": "Transitive",
        "resolved": "8.2.250402",
        "contentHash": "rAOYzNX6kdUeeE1ejGd6Q8B+xmyZvOrWFUbqCgOtP8OQsOL66en9ZQTtzxAlaaFC4qleLvnKcn8FJFBezujOlw==",
        "dependencies": {
          "CommunityToolkit.Common": "8.2.1",
          "Microsoft.WindowsAppSDK": "1.6.250108002"
        }
      },
      "CommunityToolkit.WinUI.Helpers": {
        "type": "Transitive",
        "resolved": "8.2.250402",
        "contentHash": "DThBXB4hT3/aJ7xFKQJw/C0ZEs1QhZL7QG6AFOYcpnGWNlv3tkF761PFtTyhpNQrR1AFfzml5zG+zWfFbKs6Mw==",
        "dependencies": {
          "CommunityToolkit.WinUI.Extensions": "8.2.250402",
          "Microsoft.WindowsAppSDK": "1.6.250108002"
        }
      },
      "CommunityToolkit.WinUI.Triggers": {
        "type": "Transitive",
        "resolved": "8.2.250402",
        "contentHash": "laHIrBQkwQCurTNSQdGdEXUyoCpqY8QFXSybDM/Q1Ti/23xL+sRX/gHe3pP8uMM59bcwYbYlMRCbIaLnxnrdjw==",
        "dependencies": {
          "CommunityToolkit.WinUI.Helpers": "8.2.250402",
          "Microsoft.WindowsAppSDK": "1.6.250108002"
        }
      },
      "Microsoft.ApplicationInsights": {
        "type": "Transitive",
        "resolved": "2.23.0",
        "contentHash": "nWArUZTdU7iqZLycLKWe0TDms48KKGE6pONH2terYNa8REXiqixrMOkf1sk5DHGMaUTqONU2YkS4SAXBhLStgw==",
        "dependencies": {
          "System.Diagnostics.DiagnosticSource": "5.0.0"
        }
      },
      "Microsoft.Extensions.Configuration": {
        "type": "Transitive",
        "resolved": "9.0.7",
        "contentHash": "oxGR51+w5cXm5B9gU6XwpAB2sTiyPSmZm7hjvv0rzRnmL5o/KZzE103AuQj7sK26OBupjVzU/bZxDWvvU4nhEg==",
        "dependencies": {
          "Microsoft.Extensions.Configuration.Abstractions": "9.0.7",
          "Microsoft.Extensions.Primitives": "9.0.7"
        }
      },
      "Microsoft.Extensions.Configuration.Abstractions": {
        "type": "Transitive",
        "resolved": "9.0.7",
        "contentHash": "lut/kiVvNsQ120VERMUYSFhpXPpKjjql+giy03LesASPBBcC0o6+aoFdzJH9GaYpFTQ3fGVhVjKjvJDoAW5/IQ==",
        "dependencies": {
          "Microsoft.Extensions.Primitives": "9.0.7"
        }
      },
      "Microsoft.Extensions.Configuration.Binder": {
        "type": "Transitive",
        "resolved": "9.0.7",
        "contentHash": "ExY+zXHhU4o9KC2alp3ZdLWyVWVRSn5INqax5ABk+HEOHlAHzomhJ7ek9HHliyOMiVGoYWYaMFOGr9q59mSAGA==",
        "dependencies": {
          "Microsoft.Extensions.Configuration.Abstractions": "9.0.7"
        }
      },
      "Microsoft.Extensions.Configuration.CommandLine": {
        "type": "Transitive",
        "resolved": "9.0.7",
        "contentHash": "LqwdkMNFeRyuqExewBSaWj8roEgZH8JQ9zEAmHl5ZFcnhCvjAdHICdYVRIiSEq9RWGB731LL8kZJM8tdTKEscA==",
        "dependencies": {
          "Microsoft.Extensions.Configuration": "9.0.7",
          "Microsoft.Extensions.Configuration.Abstractions": "9.0.7"
        }
      },
      "Microsoft.Extensions.Configuration.EnvironmentVariables": {
        "type": "Transitive",
        "resolved": "9.0.7",
        "contentHash": "R8kgazVpDr4k1K7MeWPLAwsi5VpwrhE3ubXK38D9gpHEvf9XhZhJ8kWHKK00LDg5hJ7pMQLggdZ7XFdQ5182Ug==",
        "dependencies": {
          "Microsoft.Extensions.Configuration": "9.0.7",
          "Microsoft.Extensions.Configuration.Abstractions": "9.0.7"
        }
      },
      "Microsoft.Extensions.Configuration.FileExtensions": {
        "type": "Transitive",
        "resolved": "9.0.7",
        "contentHash": "3LVg32iMfR9ENeegXAo73L+877iOcQauLJsXlKZNVSsLA/HbPgClZdeMGdjLSkaidYw3l02XbXTlOdGYNgu91Q==",
        "dependencies": {
          "Microsoft.Extensions.Configuration": "9.0.7",
          "Microsoft.Extensions.Configuration.Abstractions": "9.0.7",
          "Microsoft.Extensions.FileProviders.Abstractions": "9.0.7",
          "Microsoft.Extensions.FileProviders.Physical": "9.0.7",
          "Microsoft.Extensions.Primitives": "9.0.7"
        }
      },
      "Microsoft.Extensions.Configuration.Json": {
        "type": "Transitive",
        "resolved": "9.0.7",
        "contentHash": "3HQV326liEInT9UKEc+k73f1ECwNhvDS/DJAe5WvtMKDJTJqTH2ujrUC2ZlK/j6pXyPbV9f0Ku8JB20JveGImg==",
        "dependencies": {
          "Microsoft.Extensions.Configuration": "9.0.7",
          "Microsoft.Extensions.Configuration.Abstractions": "9.0.7",
          "Microsoft.Extensions.Configuration.FileExtensions": "9.0.7",
          "Microsoft.Extensions.FileProviders.Abstractions": "9.0.7"
        }
      },
      "Microsoft.Extensions.Configuration.UserSecrets": {
        "type": "Transitive",
        "resolved": "9.0.7",
        "contentHash": "ouDuPgRdeF4TJXKUh+lbm6QwyWwnCy+ijiqfFM2cI5NmW83MwKg1WNp2nCdMVcwQW8wJXteF/L9lA6ZPS3bCIQ==",
        "dependencies": {
          "Microsoft.Extensions.Configuration.Abstractions": "9.0.7",
          "Microsoft.Extensions.Configuration.Json": "9.0.7",
          "Microsoft.Extensions.FileProviders.Abstractions": "9.0.7",
          "Microsoft.Extensions.FileProviders.Physical": "9.0.7"
        }
      },
      "Microsoft.Extensions.DependencyInjection": {
        "type": "Transitive",
        "resolved": "9.0.7",
        "contentHash": "i05AYA91vgq0as84ROVCyltD2gnxaba/f1Qw2rG7mUsS0gv8cPTr1Gm7jPQHq7JTr4MJoQUcanLVs16tIOUJaQ==",
        "dependencies": {
          "Microsoft.Extensions.DependencyInjection.Abstractions": "9.0.7"
        }
      },
      "Microsoft.Extensions.DependencyInjection.Abstractions": {
        "type": "Transitive",
        "resolved": "9.0.7",
        "contentHash": "iPK1FxbGFr2Xb+4Y+dTYI8Gupu9pOi8I3JPuPsrogUmEhe2hzZ9LpCmolMEBhVDo2ikcSr7G5zYiwaapHSQTew=="
      },
      "Microsoft.Extensions.Diagnostics": {
        "type": "Transitive",
        "resolved": "9.0.7",
        "contentHash": "6ykfInm6yw7pPHJACgnrPUXxUWVslFnzad44K/siXk6Ovan6fNMnXxI5X9vphHJuZ4JbMOdPIgsfTmLD+Dyxug==",
        "dependencies": {
          "Microsoft.Extensions.Configuration": "9.0.7",
          "Microsoft.Extensions.Diagnostics.Abstractions": "9.0.7",
          "Microsoft.Extensions.Options.ConfigurationExtensions": "9.0.7"
        }
      },
      "Microsoft.Extensions.Diagnostics.Abstractions": {
        "type": "Transitive",
        "resolved": "9.0.7",
        "contentHash": "d39Ov1JpeWCGLCOTinlaDkujhrSAQ0HFxb7Su1BjhCKBfmDcQ6Ia1i3JI6kd3NFgwi1dexTunu82daDNwt7E6w==",
        "dependencies": {
          "Microsoft.Extensions.DependencyInjection.Abstractions": "9.0.7",
          "Microsoft.Extensions.Options": "9.0.7"
        }
      },
      "Microsoft.Extensions.FileProviders.Abstractions": {
        "type": "Transitive",
        "resolved": "9.0.7",
        "contentHash": "y9djCca1cz/oz/J8jTxtoecNiNvaiGBJeWd7XOPxonH+FnfHqcfslJMcSr5JMinmWFyS7eh3C9L6m6oURZ5lSA==",
        "dependencies": {
          "Microsoft.Extensions.Primitives": "9.0.7"
        }
      },
      "Microsoft.Extensions.FileProviders.Physical": {
        "type": "Transitive",
        "resolved": "9.0.7",
        "contentHash": "JYEPYrb+YBpFTCdmSBrk8cg3wAi1V4so7ccq04qbhg3FQHQqgJk28L3heEOKMXcZobOBUjTnGCFJD49Ez9kG5w==",
        "dependencies": {
          "Microsoft.Extensions.FileProviders.Abstractions": "9.0.7",
          "Microsoft.Extensions.FileSystemGlobbing": "9.0.7",
          "Microsoft.Extensions.Primitives": "9.0.7"
        }
      },
      "Microsoft.Extensions.FileSystemGlobbing": {
        "type": "Transitive",
        "resolved": "9.0.7",
        "contentHash": "5VKpTH2ME0SSs0lrtkpKgjCeHzXR5ka/H+qThPwuWi78wHubApZ/atD7w69FDt0OOM7UMV6LIbkqEQgoby4IXA=="
      },
      "Microsoft.Extensions.Hosting": {
        "type": "Transitive",
        "resolved": "9.0.7",
        "contentHash": "Dkv55VfitwJjPUk9mFHxT9MJAd8su7eJNaCHhBU/Y9xFqw3ZNHwrpeptXeaXiaPtfQq+alMmawIz1Impk5pHkQ==",
        "dependencies": {
          "Microsoft.Extensions.Configuration": "9.0.7",
          "Microsoft.Extensions.Configuration.Abstractions": "9.0.7",
          "Microsoft.Extensions.Configuration.Binder": "9.0.7",
          "Microsoft.Extensions.Configuration.CommandLine": "9.0.7",
          "Microsoft.Extensions.Configuration.EnvironmentVariables": "9.0.7",
          "Microsoft.Extensions.Configuration.FileExtensions": "9.0.7",
          "Microsoft.Extensions.Configuration.Json": "9.0.7",
          "Microsoft.Extensions.Configuration.UserSecrets": "9.0.7",
          "Microsoft.Extensions.DependencyInjection": "9.0.7",
          "Microsoft.Extensions.DependencyInjection.Abstractions": "9.0.7",
          "Microsoft.Extensions.Diagnostics": "9.0.7",
          "Microsoft.Extensions.FileProviders.Abstractions": "9.0.7",
          "Microsoft.Extensions.FileProviders.Physical": "9.0.7",
          "Microsoft.Extensions.Hosting.Abstractions": "9.0.7",
          "Microsoft.Extensions.Logging": "9.0.7",
          "Microsoft.Extensions.Logging.Abstractions": "9.0.7",
          "Microsoft.Extensions.Logging.Configuration": "9.0.7",
          "Microsoft.Extensions.Logging.Console": "9.0.7",
          "Microsoft.Extensions.Logging.Debug": "9.0.7",
          "Microsoft.Extensions.Logging.EventLog": "9.0.7",
          "Microsoft.Extensions.Logging.EventSource": "9.0.7",
          "Microsoft.Extensions.Options": "9.0.7"
        }
      },
      "Microsoft.Extensions.Hosting.Abstractions": {
        "type": "Transitive",
        "resolved": "9.0.7",
        "contentHash": "yG2JCXAR+VqI1mKqynLPNJlNlrUJeEISEpX4UznOp2uM4IEFz3pDDauzyMvTjICutEJtOigJ1yWBvxbaIlibBw==",
        "dependencies": {
          "Microsoft.Extensions.Configuration.Abstractions": "9.0.7",
          "Microsoft.Extensions.DependencyInjection.Abstractions": "9.0.7",
          "Microsoft.Extensions.Diagnostics.Abstractions": "9.0.7",
          "Microsoft.Extensions.FileProviders.Abstractions": "9.0.7",
          "Microsoft.Extensions.Logging.Abstractions": "9.0.7"
        }
      },
      "Microsoft.Extensions.Logging": {
        "type": "Transitive",
        "resolved": "9.0.7",
        "contentHash": "fdIeQpXYV8yxSWG03cCbU2Otdrq4NWuhnQLXokWLv3L9YcK055E7u8WFJvP+uuP4CFeCEoqZQL4yPcjuXhCZrg==",
        "dependencies": {
          "Microsoft.Extensions.DependencyInjection": "9.0.7",
          "Microsoft.Extensions.Logging.Abstractions": "9.0.7",
          "Microsoft.Extensions.Options": "9.0.7"
        }
      },
      "Microsoft.Extensions.Logging.Abstractions": {
        "type": "Transitive",
        "resolved": "9.0.7",
        "contentHash": "sMM6NEAdUTE/elJ2wqjOi0iBWqZmSyaTByLF9e8XHv6DRJFFnOe0N+s8Uc6C91E4SboQCfLswaBIZ+9ZXA98AA==",
        "dependencies": {
          "Microsoft.Extensions.DependencyInjection.Abstractions": "9.0.7"
        }
      },
      "Microsoft.Extensions.Logging.Configuration": {
        "type": "Transitive",
        "resolved": "9.0.7",
        "contentHash": "AEBty9rvFGvdFRqgIDEhQmiCnIfQWyzVoOZrO244cfu+n9M+wI1QLDpuROVILlplIBtLVmOezAF7d1H3Qog6Xw==",
        "dependencies": {
          "Microsoft.Extensions.Configuration": "9.0.7",
          "Microsoft.Extensions.Configuration.Abstractions": "9.0.7",
          "Microsoft.Extensions.Configuration.Binder": "9.0.7",
          "Microsoft.Extensions.DependencyInjection.Abstractions": "9.0.7",
          "Microsoft.Extensions.Logging": "9.0.7",
          "Microsoft.Extensions.Logging.Abstractions": "9.0.7",
          "Microsoft.Extensions.Options": "9.0.7",
          "Microsoft.Extensions.Options.ConfigurationExtensions": "9.0.7"
        }
      },
      "Microsoft.Extensions.Logging.Console": {
        "type": "Transitive",
        "resolved": "9.0.7",
        "contentHash": "pEHlNa8iCfKsBFA3YVDn/8EicjSU/m8uDfyoR0i4svONDss4Yu9Kznw53E/TyI+TveTo7CwRid4kfd4pLYXBig==",
        "dependencies": {
          "Microsoft.Extensions.DependencyInjection.Abstractions": "9.0.7",
          "Microsoft.Extensions.Logging": "9.0.7",
          "Microsoft.Extensions.Logging.Abstractions": "9.0.7",
          "Microsoft.Extensions.Logging.Configuration": "9.0.7",
          "Microsoft.Extensions.Options": "9.0.7"
        }
      },
      "Microsoft.Extensions.Logging.Debug": {
        "type": "Transitive",
        "resolved": "9.0.7",
        "contentHash": "MxzZj7XbsYJwfjclVTjJym2/nVIkksu7l7tC/4HYy+YRdDmpE4B+hTzCXu3BNfLNhdLPZsWpyXuYe6UGgWDm3g==",
        "dependencies": {
          "Microsoft.Extensions.DependencyInjection.Abstractions": "9.0.7",
          "Microsoft.Extensions.Logging": "9.0.7",
          "Microsoft.Extensions.Logging.Abstractions": "9.0.7"
        }
      },
      "Microsoft.Extensions.Logging.EventLog": {
        "type": "Transitive",
        "resolved": "9.0.7",
        "contentHash": "usrMVsY7c8M8fESt34Y3eEIQIlRlKXfPDlI+vYEb6xT7SUjhua2ey3NpHgQktiTgz8Uo5RiWqGD8ieiyo2WaDA==",
        "dependencies": {
          "Microsoft.Extensions.DependencyInjection.Abstractions": "9.0.7",
          "Microsoft.Extensions.Logging": "9.0.7",
          "Microsoft.Extensions.Logging.Abstractions": "9.0.7",
          "Microsoft.Extensions.Options": "9.0.7",
          "System.Diagnostics.EventLog": "9.0.7"
        }
      },
      "Microsoft.Extensions.Logging.EventSource": {
        "type": "Transitive",
        "resolved": "9.0.7",
        "contentHash": "/wwi6ckTEegCExFV6gVToCO7CvysZnmE50fpdkYUsSMh0ue9vRkQ7uOqkHyHol93ASYTEahrp+guMtS/+fZKaA==",
        "dependencies": {
          "Microsoft.Extensions.DependencyInjection.Abstractions": "9.0.7",
          "Microsoft.Extensions.Logging": "9.0.7",
          "Microsoft.Extensions.Logging.Abstractions": "9.0.7",
          "Microsoft.Extensions.Options": "9.0.7",
          "Microsoft.Extensions.Primitives": "9.0.7"
        }
      },
      "Microsoft.Extensions.Options": {
        "type": "Transitive",
        "resolved": "9.0.7",
        "contentHash": "trJnF6cRWgR5uMmHpGoHmM1wOVFdIYlELlkO9zX+RfieK0321Y55zrcs4AaEymKup7dxgEN/uJU25CAcMNQRXw==",
        "dependencies": {
          "Microsoft.Extensions.DependencyInjection.Abstractions": "9.0.7",
          "Microsoft.Extensions.Primitives": "9.0.7"
        }
      },
      "Microsoft.Extensions.Options.ConfigurationExtensions": {
        "type": "Transitive",
        "resolved": "9.0.7",
        "contentHash": "pE/jeAWHEIy/8HsqYA+I1+toTsdvsv+WywAcRoNSvPoFwjOREa8Fqn7D0/i0PbiXsDLFupltTTctliePx8ib4w==",
        "dependencies": {
          "Microsoft.Extensions.Configuration.Abstractions": "9.0.7",
          "Microsoft.Extensions.Configuration.Binder": "9.0.7",
          "Microsoft.Extensions.DependencyInjection.Abstractions": "9.0.7",
          "Microsoft.Extensions.Options": "9.0.7",
          "Microsoft.Extensions.Primitives": "9.0.7"
        }
      },
      "Microsoft.Extensions.Primitives": {
        "type": "Transitive",
        "resolved": "9.0.7",
        "contentHash": "ti/zD9BuuO50IqlvhWQs9GHxkCmoph5BHjGiWKdg2t6Or8XoyAfRJiKag+uvd/fpASnNklfsB01WpZ4fhAe0VQ=="
      },
      "Microsoft.Testing.Extensions.Telemetry": {
        "type": "Transitive",
        "resolved": "1.7.3",
        "contentHash": "udSTexALlmp01a6a4fNzzpcUyUZOUbVZRRdHotCcnM1pCl3G1wqRWJlD9B6vDaIw29tYBPv7iA+YbVvq61RonA==",
        "dependencies": {
          "Microsoft.ApplicationInsights": "2.23.0",
          "Microsoft.Testing.Platform": "1.7.3"
        }
      },
      "Microsoft.Testing.Extensions.TrxReport.Abstractions": {
        "type": "Transitive",
        "resolved": "1.7.3",
        "contentHash": "dDEETHbX5JQBMIFgBPkX/FmCU4DRQSG+k58QUtz7zTdnEZDafPKH6YHSMoHY3blDiZV/vcSol35Ux3WC7wU+9Q==",
        "dependencies": {
          "Microsoft.Testing.Platform": "1.7.3"
        }
      },
      "Microsoft.Testing.Extensions.VSTestBridge": {
        "type": "Transitive",
        "resolved": "1.7.3",
        "contentHash": "iLD8UlqQis9eVmgKxuqEUBm1Tzmsqj6xluj8xe6/scM+PQ84eDX2oqi0rra2N0JLli5LxloTb0iWYN5y4+kn1A==",
        "dependencies": {
          "Microsoft.TestPlatform.AdapterUtilities": "17.13.0",
          "Microsoft.TestPlatform.ObjectModel": "17.13.0",
          "Microsoft.Testing.Extensions.Telemetry": "1.7.3",
          "Microsoft.Testing.Extensions.TrxReport.Abstractions": "1.7.3",
          "Microsoft.Testing.Platform": "1.7.3"
        }
      },
      "Microsoft.Testing.Platform": {
        "type": "Transitive",
        "resolved": "1.7.3",
        "contentHash": "cI6u+CPxv3+07cbSwJVKOfxFrecbjfZnid1fe8EMhyPY4qmsSNnm+hN+GIy8u4JIlrADfrskDiwnScjRzVzJNw=="
      },
      "Microsoft.Testing.Platform.MSBuild": {
        "type": "Transitive",
        "resolved": "1.7.3",
        "contentHash": "tSIKXv7tLLYDjfodqLuTigsmOVcYj0CDC1rYeac5MTgHjbYV8IfmYh4FprBt/xE1zW8phkCYP766F9ayo560jA==",
        "dependencies": {
          "Microsoft.Testing.Platform": "1.7.3"
        }
      },
      "Microsoft.TestPlatform.AdapterUtilities": {
        "type": "Transitive",
        "resolved": "17.13.0",
        "contentHash": "bFZ3uAhosdXjyXKURDQy37fPosCJQwedB5DG/SzsXL1QXsrfsIYty2kQMqCRRUqm8sBZBRHWRp4BT9SmpWXcKQ=="
      },
      "Microsoft.TestPlatform.ObjectModel": {
        "type": "Transitive",
        "resolved": "17.14.1",
        "contentHash": "xTP1W6Mi6SWmuxd3a+jj9G9UoC850WGwZUps1Wah9r1ZxgXhdJfj1QqDLJkFjHDCvN42qDL2Ps5KjQYWUU0zcQ==",
        "dependencies": {
          "System.Reflection.Metadata": "8.0.0"
        }
      },
      "Microsoft.Web.WebView2": {
        "type": "Transitive",
        "resolved": "1.0.2903.40",
        "contentHash": "THrzYAnJgE3+cNH+9Epr44XjoZoRELdVpXlWGPs6K9C9G6TqyDfVCeVAR/Er8ljLitIUX5gaSkPsy9wRhD1sgQ=="
      },
      "Microsoft.WindowsAppSDK": {
        "type": "Transitive",
        "resolved": "1.7.250606001",
        "contentHash": "LdMRw0HqGu/w0DQKDRaABdIuSL8GiRitHSMiHH3SAR715/mEiWtVWPRJKp0aMcQ6JiBBqkQVZgu71MeXmQipkw==",
        "dependencies": {
          "Microsoft.Web.WebView2": "1.0.2903.40",
          "Microsoft.Windows.SDK.BuildTools": "10.0.22621.756"
        }
      },
      "MSTest.Analyzers": {
        "type": "Transitive",
        "resolved": "3.9.3",
        "contentHash": "M8dR1yQZErWiH8BtQT1L66xnuRbSLa8WgQLwI/A0yU/rFmEAorbU+hUj3JeJRqyVFwrDpjeQ4rmg7Vo6zSgzRw=="
      },
      "Newtonsoft.Json": {
        "type": "Transitive",
        "resolved": "13.0.3",
        "contentHash": "HrC5BXdl00IP9zeV+0Z848QWPAoCr9P3bDEZguI+gkLcBKAOxix/tLEAAHC+UvDNPv4a2d18lOReHMOagPa+zQ=="
      },
      "Polly": {
        "type": "Transitive",
        "resolved": "8.6.2",
        "contentHash": "+irkpMJQ29+o8+u/SdN+1+AP4rB4TGoKZ6gXhD04dPKG+DX2grvKJ6Z6UAK3vYkSQQcbATt+YPt+ac6/X2wVAA==",
        "dependencies": {
          "Polly.Core": "8.6.2"
        }
      },
      "Polly.Core": {
        "type": "Transitive",
        "resolved": "8.6.2",
        "contentHash": "ImAKLH6qVDjj0vzw+QxMYxxT/NhQrHK+sZE4GT5JbIfDBOrMDbE4we3BR6SqUQCJuKdjOKf3smUjxIgOUUfNVw=="
      },
      "Polly.Extensions": {
        "type": "Transitive",
        "resolved": "8.6.2",
        "contentHash": "M6JVo3cA/d24YGRNct/wPDCCYGHlK15aH1czbHluNCqjobHkedLiM3w3313+Id/XGG/yF5s7lqhKTReUeLVoDw==",
        "dependencies": {
          "Microsoft.Extensions.Logging.Abstractions": "8.0.0",
          "Microsoft.Extensions.Options": "8.0.0",
          "Polly.Core": "8.6.2"
        }
      },
      "Sentry": {
        "type": "Transitive",
        "resolved": "5.11.2",
        "contentHash": "oDzBGBUt8O/dzvSiGRePJVXKYVQdAV3D6bOdK0oSjR4AERVdEHfEHaFtXb0Mr4tGkhy7ZILeTyRUX0V62cCYEg=="
      },
      "System.Collections.Immutable": {
        "type": "Transitive",
        "resolved": "8.0.0",
        "contentHash": "AurL6Y5BA1WotzlEvVaIDpqzpIPvYnnldxru8oXJU2yFxFUy3+pNXjXd1ymO+RA0rq0+590Q8gaz2l3Sr7fmqg=="
      },
      "System.Diagnostics.DiagnosticSource": {
        "type": "Transitive",
        "resolved": "5.0.0",
        "contentHash": "tCQTzPsGZh/A9LhhA6zrqCRV4hOHsK90/G7q3Khxmn6tnB1PuNU0cRaKANP2AWcF9bn0zsuOoZOSrHuJk6oNBA=="
      },
      "System.Diagnostics.EventLog": {
        "type": "Transitive",
        "resolved": "9.0.7",
        "contentHash": "AJ+9fyCtQUImntxAJ9l4PZiCd4iepuk4pm7Qcno7PBIWQnfXlvwKuFsGk2H+QyY69GUVzDP2heELW6ho5BCXUg=="
      },
      "System.Reflection.Metadata": {
        "type": "Transitive",
        "resolved": "8.0.0",
        "contentHash": "ptvgrFh7PvWI8bcVqG5rsA/weWM09EnthFHR5SCnS6IN+P4mj6rE1lBDC4U8HL9/57htKAqy4KQ3bBj84cfYyQ==",
        "dependencies": {
          "System.Collections.Immutable": "8.0.0"
        }
      },
      "fyreplace": {
        "type": "Project",
        "dependencies": {
          "CommunityToolkit.Mvvm": "[8.4.0, )",
          "CommunityToolkit.WinUI.Controls.Segmented": "[8.2.250402, )",
          "CommunityToolkit.WinUI.Controls.SettingsControls": "[8.2.250402, )",
          "CommunityToolkit.WinUI.Converters": "[8.2.250402, )",
          "CommunityToolkit.WinUI.Extensions": "[8.2.250402, )",
          "Microsoft.Extensions.Hosting": "[9.0.7, )",
          "Microsoft.Windows.SDK.BuildTools": "[10.0.26100.4188, )",
          "Microsoft.WindowsAppSDK": "[1.7.250606001, )",
          "Newtonsoft.Json": "[13.0.3, )",
          "Polly": "[8.6.2, )",
          "Polly.Extensions": "[8.6.2, )",
          "Sentry": "[5.11.2, )"
        }
      }
    },
    "net9.0-windows10.0.26100/win-arm64": {
      "Microsoft.Web.WebView2": {
        "type": "Transitive",
        "resolved": "1.0.2903.40",
        "contentHash": "THrzYAnJgE3+cNH+9Epr44XjoZoRELdVpXlWGPs6K9C9G6TqyDfVCeVAR/Er8ljLitIUX5gaSkPsy9wRhD1sgQ=="
      },
      "Microsoft.WindowsAppSDK": {
        "type": "Transitive",
        "resolved": "1.7.250606001",
        "contentHash": "LdMRw0HqGu/w0DQKDRaABdIuSL8GiRitHSMiHH3SAR715/mEiWtVWPRJKp0aMcQ6JiBBqkQVZgu71MeXmQipkw==",
        "dependencies": {
          "Microsoft.Web.WebView2": "1.0.2903.40",
          "Microsoft.Windows.SDK.BuildTools": "10.0.22621.756"
        }
      },
      "System.Diagnostics.EventLog": {
        "type": "Transitive",
        "resolved": "9.0.7",
        "contentHash": "AJ+9fyCtQUImntxAJ9l4PZiCd4iepuk4pm7Qcno7PBIWQnfXlvwKuFsGk2H+QyY69GUVzDP2heELW6ho5BCXUg=="
      }
    },
    "net9.0-windows10.0.26100/win-x64": {
      "Microsoft.Web.WebView2": {
        "type": "Transitive",
        "resolved": "1.0.2903.40",
        "contentHash": "THrzYAnJgE3+cNH+9Epr44XjoZoRELdVpXlWGPs6K9C9G6TqyDfVCeVAR/Er8ljLitIUX5gaSkPsy9wRhD1sgQ=="
      },
      "Microsoft.WindowsAppSDK": {
        "type": "Transitive",
        "resolved": "1.7.250606001",
        "contentHash": "LdMRw0HqGu/w0DQKDRaABdIuSL8GiRitHSMiHH3SAR715/mEiWtVWPRJKp0aMcQ6JiBBqkQVZgu71MeXmQipkw==",
        "dependencies": {
          "Microsoft.Web.WebView2": "1.0.2903.40",
          "Microsoft.Windows.SDK.BuildTools": "10.0.22621.756"
        }
      },
      "System.Diagnostics.EventLog": {
        "type": "Transitive",
        "resolved": "9.0.7",
        "contentHash": "AJ+9fyCtQUImntxAJ9l4PZiCd4iepuk4pm7Qcno7PBIWQnfXlvwKuFsGk2H+QyY69GUVzDP2heELW6ho5BCXUg=="
      }
    },
    "net9.0-windows10.0.26100/win-x86": {
      "Microsoft.Web.WebView2": {
        "type": "Transitive",
        "resolved": "1.0.2903.40",
        "contentHash": "THrzYAnJgE3+cNH+9Epr44XjoZoRELdVpXlWGPs6K9C9G6TqyDfVCeVAR/Er8ljLitIUX5gaSkPsy9wRhD1sgQ=="
      },
      "Microsoft.WindowsAppSDK": {
        "type": "Transitive",
        "resolved": "1.7.250606001",
        "contentHash": "LdMRw0HqGu/w0DQKDRaABdIuSL8GiRitHSMiHH3SAR715/mEiWtVWPRJKp0aMcQ6JiBBqkQVZgu71MeXmQipkw==",
        "dependencies": {
          "Microsoft.Web.WebView2": "1.0.2903.40",
          "Microsoft.Windows.SDK.BuildTools": "10.0.22621.756"
        }
      },
      "System.Diagnostics.EventLog": {
        "type": "Transitive",
        "resolved": "9.0.7",
        "contentHash": "AJ+9fyCtQUImntxAJ9l4PZiCd4iepuk4pm7Qcno7PBIWQnfXlvwKuFsGk2H+QyY69GUVzDP2heELW6ho5BCXUg=="
      }
    }
  }
}